
Microsoft Visual Studio Solution File, Format Version 12.00
# Visual Studio Version 16
VisualStudioVersion = 16.0.30804.86
MinimumVisualStudioVersion = 10.0.40219.1
Project("{FAE04EC0-301F-11D3-BF4B-00C04F79EFBC}") = "AOC_10", "AOC_10\AOC_10.csproj", "{B2BCDF2D-9406-4B2E-8B11-F0B38B987D4D}"
EndProject
Global
	GlobalSection(SolutionConfigurationPlatforms) = preSolution
		Debug|Any CPU = Debug|Any CPU
		Release|Any CPU = Release|Any CPU
	EndGlobalSection
	GlobalSection(ProjectConfigurationPlatforms) = postSolution
		{B2BCDF2D-9406-4B2E-8B11-F0B38B987D4D}.Debug|Any CPU.ActiveCfg = Debug|Any CPU
		{B2BCDF2D-9406-4B2E-8B11-F0B38B987D4D}.Debug|Any CPU.Build.0 = Debug|Any CPU
		{B2BCDF2D-9406-4B2E-8B11-F0B38B987D4D}.Release|Any CPU.ActiveCfg = Release|Any CPU
		{B2BCDF2D-9406-4B2E-8B11-F0B38B987D4D}.Release|Any CPU.Build.0 = Release|Any CPU
	EndGlobalSection
	GlobalSection(SolutionProperties) = preSolution
		HideSolutionNode = FALSE
	EndGlobalSection
	GlobalSection(ExtensibilityGlobals) = postSolution
		SolutionGuid = {624B611C-15A2-4345-B4C8-32E953710F36}
	EndGlobalSection
EndGlobal
